// !$*UTF8*$!
{
	archiveVersion = 1;
	classes = {
	};
	objectVersion = 46;
	objects = {

/* Begin PBXBuildFile section */
		8A743538194FB8A300C6B80B /* main.m in Sources */ = {isa = PBXBuildFile; fileRef = 8A743537194FB8A300C6B80B /* main.m */; };
		8A74353B194FB8A300C6B80B /* AppDelegate.m in Sources */ = {isa = PBXBuildFile; fileRef = 8A74353A194FB8A300C6B80B /* AppDelegate.m */; };
		8A74353E194FB8A300C6B80B /* Haler.xcdatamodeld in Sources */ = {isa = PBXBuildFile; fileRef = 8A74353C194FB8A300C6B80B /* Haler.xcdatamodeld */; };
		8A743541194FB8A300C6B80B /* ViewController.m in Sources */ = {isa = PBXBuildFile; fileRef = 8A743540194FB8A300C6B80B /* ViewController.m */; };
		8A743544194FB8A300C6B80B /* Main.storyboard in Resources */ = {isa = PBXBuildFile; fileRef = 8A743542194FB8A300C6B80B /* Main.storyboard */; };
		8A743546194FB8A300C6B80B /* Images.xcassets in Resources */ = {isa = PBXBuildFile; fileRef = 8A743545194FB8A300C6B80B /* Images.xcassets */; };
		8A743552194FB8A300C6B80B /* HalerTests.m in Sources */ = {isa = PBXBuildFile; fileRef = 8A743551194FB8A300C6B80B /* HalerTests.m */; };
		8A74355C194FB8B300C6B80B /* HealthKit.framework in Frameworks */ = {isa = PBXBuildFile; fileRef = 8A74355B194FB8B300C6B80B /* HealthKit.framework */; };
/* End PBXBuildFile section */

/* Begin PBXContainerItemProxy section */
		8A74354C194FB8A300C6B80B /* PBXContainerItemProxy */ = {
			isa = PBXContainerItemProxy;
			containerPortal = 8A74352A194FB8A200C6B80B /* Project object */;
			proxyType = 1;
			remoteGlobalIDString = 8A743531194FB8A300C6B80B;
			remoteInfo = Haler;
		};
/* End PBXContainerItemProxy section */

/* Begin PBXFileReference section */
		8A743532194FB8A300C6B80B /* Haler.app */ = {isa = PBXFileReference; explicitFileType = wrapper.application; includeInIndex = 0; path = Haler.app; sourceTree = BUILT_PRODUCTS_DIR; };
		8A743536194FB8A300C6B80B /* Info.plist */ = {isa = PBXFileReference; lastKnownFileType = text.plist.xml; path = Info.plist; sourceTree = "<group>"; };
		8A743537194FB8A300C6B80B /* main.m */ = {isa = PBXFileReference; lastKnownFileType = sourcecode.c.objc; path = main.m; sourceTree = "<group>"; };
		8A743539194FB8A300C6B80B /* AppDelegate.h */ = {isa = PBXFileReference; lastKnownFileType = sourcecode.c.h; path = AppDelegate.h; sourceTree = "<group>"; };
		8A74353A194FB8A300C6B80B /* AppDelegate.m */ = {isa = PBXFileReference; lastKnownFileType = sourcecode.c.objc; path = AppDelegate.m; sourceTree = "<group>"; };
		8A74353D194FB8A300C6B80B /* Haler.xcdatamodel */ = {isa = PBXFileReference; lastKnownFileType = wrapper.xcdatamodel; path = Haler.xcdatamodel; sourceTree = "<group>"; };
		8A74353F194FB8A300C6B80B /* ViewController.h */ = {isa = PBXFileReference; lastKnownFileType = sourcecode.c.h; path = ViewController.h; sourceTree = "<group>"; };
		8A743540194FB8A300C6B80B /* ViewController.m */ = {isa = PBXFileReference; lastKnownFileType = sourcecode.c.objc; path = ViewController.m; sourceTree = "<group>"; };
		8A743543194FB8A300C6B80B /* Base */ = {isa = PBXFileReference; lastKnownFileType = file.storyboard; name = Base; path = Base.lproj/Main.storyboard; sourceTree = "<group>"; };
		8A743545194FB8A300C6B80B /* Images.xcassets */ = {isa = PBXFileReference; lastKnownFileType = folder.assetcatalog; path = Images.xcassets; sourceTree = "<group>"; };
		8A74354B194FB8A300C6B80B /* HalerTests.xctest */ = {isa = PBXFileReference; explicitFileType = wrapper.cfbundle; includeInIndex = 0; path = HalerTests.xctest; sourceTree = BUILT_PRODUCTS_DIR; };
		8A743550194FB8A300C6B80B /* Info.plist */ = {isa = PBXFileReference; lastKnownFileType = text.plist.xml; path = Info.plist; sourceTree = "<group>"; };
		8A743551194FB8A300C6B80B /* HalerTests.m */ = {isa = PBXFileReference; lastKnownFileType = sourcecode.c.objc; path = HalerTests.m; sourceTree = "<group>"; };
		8A74355B194FB8B300C6B80B /* HealthKit.framework */ = {isa = PBXFileReference; lastKnownFileType = wrapper.framework; name = HealthKit.framework; path = System/Library/Frameworks/HealthKit.framework; sourceTree = SDKROOT; };
		8A743560194FBC5400C6B80B /* Haler.entitlements */ = {isa = PBXFileReference; lastKnownFileType = text.xml; path = Haler.entitlements; sourceTree = "<group>"; };
/* End PBXFileReference section */

/* Begin PBXFrameworksBuildPhase section */
		8A74352F194FB8A300C6B80B /* Frameworks */ = {
			isa = PBXFrameworksBuildPhase;
			buildActionMask = 2147483647;
			files = (
				8A74355C194FB8B300C6B80B /* HealthKit.framework in Frameworks */,
			);
			runOnlyForDeploymentPostprocessing = 0;
		};
		8A743548194FB8A300C6B80B /* Frameworks */ = {
			isa = PBXFrameworksBuildPhase;
			buildActionMask = 2147483647;
			files = (
			);
			runOnlyForDeploymentPostprocessing = 0;
		};
/* End PBXFrameworksBuildPhase section */

/* Begin PBXGroup section */
		8A743529194FB8A200C6B80B = {
			isa = PBXGroup;
			children = (
				8A74355B194FB8B300C6B80B /* HealthKit.framework */,
				8A743534194FB8A300C6B80B /* Haler */,
				8A74354E194FB8A300C6B80B /* HalerTests */,
				8A743533194FB8A300C6B80B /* Products */,
			);
			sourceTree = "<group>";
		};
		8A743533194FB8A300C6B80B /* Products */ = {
			isa = PBXGroup;
			children = (
				8A743532194FB8A300C6B80B /* Haler.app */,
				8A74354B194FB8A300C6B80B /* HalerTests.xctest */,
			);
			name = Products;
			sourceTree = "<group>";
		};
		8A743534194FB8A300C6B80B /* Haler */ = {
			isa = PBXGroup;
			children = (
				8A743560194FBC5400C6B80B /* Haler.entitlements */,
				8A743539194FB8A300C6B80B /* AppDelegate.h */,
				8A74353A194FB8A300C6B80B /* AppDelegate.m */,
				8A74353F194FB8A300C6B80B /* ViewController.h */,
				8A743540194FB8A300C6B80B /* ViewController.m */,
				8A743542194FB8A300C6B80B /* Main.storyboard */,
				8A743545194FB8A300C6B80B /* Images.xcassets */,
				8A74353C194FB8A300C6B80B /* Haler.xcdatamodeld */,
				8A743535194FB8A300C6B80B /* Supporting Files */,
			);
			path = Haler;
			sourceTree = "<group>";
		};
		8A743535194FB8A300C6B80B /* Supporting Files */ = {
			isa = PBXGroup;
			children = (
				8A743536194FB8A300C6B80B /* Info.plist */,
				8A743537194FB8A300C6B80B /* main.m */,
			);
			name = "Supporting Files";
			sourceTree = "<group>";
		};
		8A74354E194FB8A300C6B80B /* HalerTests */ = {
			isa = PBXGroup;
			children = (
				8A743551194FB8A300C6B80B /* HalerTests.m */,
				8A74354F194FB8A300C6B80B /* Supporting Files */,
			);
			path = HalerTests;
			sourceTree = "<group>";
		};
		8A74354F194FB8A300C6B80B /* Supporting Files */ = {
			isa = PBXGroup;
			children = (
				8A743550194FB8A300C6B80B /* Info.plist */,
			);
			name = "Supporting Files";
			sourceTree = "<group>";
		};
/* End PBXGroup section */

/* Begin PBXNativeTarget section */
		8A743531194FB8A300C6B80B /* Haler */ = {
			isa = PBXNativeTarget;
			buildConfigurationList = 8A743555194FB8A300C6B80B /* Build configuration list for PBXNativeTarget "Haler" */;
			buildPhases = (
				8A74352E194FB8A300C6B80B /* Sources */,
				8A74352F194FB8A300C6B80B /* Frameworks */,
				8A743530194FB8A300C6B80B /* Resources */,
			);
			buildRules = (
			);
			dependencies = (
			);
			name = Haler;
			productName = Haler;
			productReference = 8A743532194FB8A300C6B80B /* Haler.app */;
			productType = "com.apple.product-type.application";
		};
		8A74354A194FB8A300C6B80B /* HalerTests */ = {
			isa = PBXNativeTarget;
			buildConfigurationList = 8A743558194FB8A300C6B80B /* Build configuration list for PBXNativeTarget "HalerTests" */;
			buildPhases = (
				8A743547194FB8A300C6B80B /* Sources */,
				8A743548194FB8A300C6B80B /* Frameworks */,
				8A743549194FB8A300C6B80B /* Resources */,
			);
			buildRules = (
			);
			dependencies = (
				8A74354D194FB8A300C6B80B /* PBXTargetDependency */,
			);
			name = HalerTests;
			productName = HalerTests;
			productReference = 8A74354B194FB8A300C6B80B /* HalerTests.xctest */;
			productType = "com.apple.product-type.bundle.unit-test";
		};
/* End PBXNativeTarget section */

/* Begin PBXProject section */
		8A74352A194FB8A200C6B80B /* Project object */ = {
			isa = PBXProject;
			attributes = {
				LastUpgradeCheck = 0600;
				ORGANIZATIONNAME = BitTank;
				TargetAttributes = {
					8A743531194FB8A300C6B80B = {
						CreatedOnToolsVersion = 6.0;
						DevelopmentTeam = Z48RKT6B3T;
						SystemCapabilities = {
							com.apple.HealthKit = {
								enabled = 1;
							};
						};
					};
					8A74354A194FB8A300C6B80B = {
						CreatedOnToolsVersion = 6.0;
						TestTargetID = 8A743531194FB8A300C6B80B;
					};
				};
			};
			buildConfigurationList = 8A74352D194FB8A200C6B80B /* Build configuration list for PBXProject "Haler" */;
			compatibilityVersion = "Xcode 3.2";
			developmentRegion = English;
			hasScannedForEncodings = 0;
			knownRegions = (
				en,
				Base,
			);
			mainGroup = 8A743529194FB8A200C6B80B;
			productRefGroup = 8A743533194FB8A300C6B80B /* Products */;
			projectDirPath = "";
			projectRoot = "";
			targets = (
				8A743531194FB8A300C6B80B /* Haler */,
				8A74354A194FB8A300C6B80B /* HalerTests */,
			);
		};
/* End PBXProject section */

/* Begin PBXResourcesBuildPhase section */
		8A743530194FB8A300C6B80B /* Resources */ = {
			isa = PBXResourcesBuildPhase;
			buildActionMask = 2147483647;
			files = (
				8A743544194FB8A300C6B80B /* Main.storyboard in Resources */,
				8A743546194FB8A300C6B80B /* Images.xcassets in Resources */,
			);
			runOnlyForDeploymentPostprocessing = 0;
		};
		8A743549194FB8A300C6B80B /* Resources */ = {
			isa = PBXResourcesBuildPhase;
			buildActionMask = 2147483647;
			files = (
			);
			runOnlyForDeploymentPostprocessing = 0;
		};
/* End PBXResourcesBuildPhase section */

/* Begin PBXSourcesBuildPhase section */
		8A74352E194FB8A300C6B80B /* Sources */ = {
			isa = PBXSourcesBuildPhase;
			buildActionMask = 2147483647;
			files = (
				8A74353B194FB8A300C6B80B /* AppDelegate.m in Sources */,
				8A74353E194FB8A300C6B80B /* Haler.xcdatamodeld in Sources */,
				8A743541194FB8A300C6B80B /* ViewController.m in Sources */,
				8A743538194FB8A300C6B80B /* main.m in Sources */,
			);
			runOnlyForDeploymentPostprocessing = 0;
		};
		8A743547194FB8A300C6B80B /* Sources */ = {
			isa = PBXSourcesBuildPhase;
			buildActionMask = 2147483647;
			files = (
				8A743552194FB8A300C6B80B /* HalerTests.m in Sources */,
			);
			runOnlyForDeploymentPostprocessing = 0;
		};
/* End PBXSourcesBuildPhase section */

/* Begin PBXTargetDependency section */
		8A74354D194FB8A300C6B80B /* PBXTargetDependency */ = {
			isa = PBXTargetDependency;
			target = 8A743531194FB8A300C6B80B /* Haler */;
			targetProxy = 8A74354C194FB8A300C6B80B /* PBXContainerItemProxy */;
		};
/* End PBXTargetDependency section */

/* Begin PBXVariantGroup section */
		8A743542194FB8A300C6B80B /* Main.storyboard */ = {
			isa = PBXVariantGroup;
			children = (
				8A743543194FB8A300C6B80B /* Base */,
			);
			name = Main.storyboard;
			sourceTree = "<group>";
		};
/* End PBXVariantGroup section */

/* Begin XCBuildConfiguration section */
		8A743553194FB8A300C6B80B /* Debug */ = {
			isa = XCBuildConfiguration;
			buildSettings = {
				ALWAYS_SEARCH_USER_PATHS = NO;
				CLANG_CXX_LANGUAGE_STANDARD = "gnu++0x";
				CLANG_CXX_LIBRARY = "libc++";
				CLANG_ENABLE_MODULES = YES;
				CLANG_ENABLE_OBJC_ARC = YES;
				CLANG_WARN_BOOL_CONVERSION = YES;
				CLANG_WARN_CONSTANT_CONVERSION = YES;
				CLANG_WARN_DIRECT_OBJC_ISA_USAGE = YES_ERROR;
				CLANG_WARN_EMPTY_BODY = YES;
				CLANG_WARN_ENUM_CONVERSION = YES;
				CLANG_WARN_INT_CONVERSION = YES;
				CLANG_WARN_OBJC_ROOT_CLASS = YES_ERROR;
				CLANG_WARN_UNREACHABLE_CODE = YES;
				CLANG_WARN__DUPLICATE_METHOD_MATCH = YES;
				"CODE_SIGN_IDENTITY[sdk=iphoneos*]" = "iPhone Developer";
				COPY_PHASE_STRIP = NO;
				ENABLE_STRICT_OBJC_MSGSEND = YES;
				GCC_C_LANGUAGE_STANDARD = gnu99;
				GCC_DYNAMIC_NO_PIC = NO;
				GCC_OPTIMIZATION_LEVEL = 0;
				GCC_PREPROCESSOR_DEFINITIONS = (
					"DEBUG=1",
					"$(inherited)",
				);
				GCC_SYMBOLS_PRIVATE_EXTERN = NO;
				GCC_WARN_64_TO_32_BIT_CONVERSION = YES;
				GCC_WARN_ABOUT_RETURN_TYPE = YES_ERROR;
				GCC_WARN_UNDECLARED_SELECTOR = YES;
				GCC_WARN_UNINITIALIZED_AUTOS = YES_AGGRESSIVE;
				GCC_WARN_UNUSED_FUNCTION = YES;
				GCC_WARN_UNUSED_VARIABLE = YES;
				IPHONEOS_DEPLOYMENT_TARGET = 8.0;
				METAL_ENABLE_DEBUG_INFO = YES;
				ONLY_ACTIVE_ARCH = YES;
				SDKROOT = iphoneos;
			};
			name = Debug;
		};
		8A743554194FB8A300C6B80B /* Release */ = {
			isa = XCBuildConfiguration;
			buildSettings = {
				ALWAYS_SEARCH_USER_PATHS = NO;
				CLANG_CXX_LANGUAGE_STANDARD = "gnu++0x";
				CLANG_CXX_LIBRARY = "libc++";
				CLANG_ENABLE_MODULES = YES;
				CLANG_ENABLE_OBJC_ARC = YES;
				CLANG_WARN_BOOL_CONVERSION = YES;
				CLANG_WARN_CONSTANT_CONVERSION = YES;
				CLANG_WARN_DIRECT_OBJC_ISA_USAGE = YES_ERROR;
				CLANG_WARN_EMPTY_BODY = YES;
				CLANG_WARN_ENUM_CONVERSION = YES;
				CLANG_WARN_INT_CONVERSION = YES;
				CLANG_WARN_OBJC_ROOT_CLASS = YES_ERROR;
				CLANG_WARN_UNREACHABLE_CODE = YES;
				CLANG_WARN__DUPLICATE_METHOD_MATCH = YES;
				"CODE_SIGN_IDENTITY[sdk=iphoneos*]" = "iPhone Developer";
				COPY_PHASE_STRIP = YES;
				ENABLE_NS_ASSERTIONS = NO;
				ENABLE_STRICT_OBJC_MSGSEND = YES;
				GCC_C_LANGUAGE_STANDARD = gnu99;
				GCC_WARN_64_TO_32_BIT_CONVERSION = YES;
				GCC_WARN_ABOUT_RETURN_TYPE = YES_ERROR;
				GCC_WARN_UNDECLARED_SELECTOR = YES;
				GCC_WARN_UNINITIALIZED_AUTOS = YES_AGGRESSIVE;
				GCC_WARN_UNUSED_FUNCTION = YES;
				GCC_WARN_UNUSED_VARIABLE = YES;
				IPHONEOS_DEPLOYMENT_TARGET = 8.0;
				METAL_ENABLE_DEBUG_INFO = NO;
				SDKROOT = iphoneos;
				VALIDATE_PRODUCT = YES;
			};
			name = Release;
		};
		8A743556194FB8A300C6B80B /* Debug */ = {
			isa = XCBuildConfiguration;
			buildSettings = {
				ASSETCATALOG_COMPILER_APPICON_NAME = AppIcon;
				ASSETCATALOG_COMPILER_LAUNCHIMAGE_NAME = LaunchImage;
				CODE_SIGN_ENTITLEMENTS = Haler/Haler.entitlements;
				CODE_SIGN_IDENTITY = "iPhone Developer";
				"CODE_SIGN_IDENTITY[sdk=iphoneos*]" = "iPhone Developer";
				INFOPLIST_FILE = Haler/Info.plist;
				LD_RUNPATH_SEARCH_PATHS = "$(inherited) @executable_path/Frameworks";
				PRODUCT_NAME = "$(TARGET_NAME)";
				PROVISIONING_PROFILE = "";
			};
			name = Debug;
		};
		8A743557194FB8A300C6B80B /* Release */ = {
			isa = XCBuildConfiguration;
			buildSettings = {
				ASSETCATALOG_COMPILER_APPICON_NAME = AppIcon;
				ASSETCATALOG_COMPILER_LAUNCHIMAGE_NAME = LaunchImage;
				CODE_SIGN_ENTITLEMENTS = Haler/Haler.entitlements;
				CODE_SIGN_IDENTITY = "iPhone Developer";
				"CODE_SIGN_IDENTITY[sdk=iphoneos*]" = "iPhone Developer";
				INFOPLIST_FILE = Haler/Info.plist;
				LD_RUNPATH_SEARCH_PATHS = "$(inherited) @executable_path/Frameworks";
				PRODUCT_NAME = "$(TARGET_NAME)";
				PROVISIONING_PROFILE = "";
			};
			name = Release;
		};
		8A743559194FB8A300C6B80B /* Debug */ = {
			isa = XCBuildConfiguration;
			buildSettings = {
				BUNDLE_LOADER = "$(BUILT_PRODUCTS_DIR)/Haler.app/Haler";
				FRAMEWORK_SEARCH_PATHS = (
					"$(SDKROOT)/Developer/Library/Frameworks",
					"$(inherited)",
				);
				GCC_PREPROCESSOR_DEFINITIONS = (
					"DEBUG=1",
					"$(inherited)",
				);
				INFOPLIST_FILE = HalerTests/Info.plist;
				LD_RUNPATH_SEARCH_PATHS = "$(inherited) @executable_path/Frameworks @loader_path/Frameworks";
				METAL_ENABLE_DEBUG_INFO = YES;
				PRODUCT_NAME = "$(TARGET_NAME)";
				TEST_HOST = "$(BUNDLE_LOADER)";
			};
			name = Debug;
		};
		8A74355A194FB8A300C6B80B /* Release */ = {
			isa = XCBuildConfiguration;
			buildSettings = {
				BUNDLE_LOADER = "$(BUILT_PRODUCTS_DIR)/Haler.app/Haler";
				FRAMEWORK_SEARCH_PATHS = (
					"$(SDKROOT)/Developer/Library/Frameworks",
					"$(inherited)",
				);
				INFOPLIST_FILE = HalerTests/Info.plist;
				LD_RUNPATH_SEARCH_PATHS = "$(inherited) @executable_path/Frameworks @loader_path/Frameworks";
				METAL_ENABLE_DEBUG_INFO = NO;
				PRODUCT_NAME = "$(TARGET_NAME)";
				TEST_HOST = "$(BUNDLE_LOADER)";
			};
			name = Release;
		};
/* End XCBuildConfiguration section */

/* Begin XCConfigurationList section */
		8A74352D194FB8A200C6B80B /* Build configuration list for PBXProject "Haler" */ = {
			isa = XCConfigurationList;
			buildConfigurations = (
				8A743553194FB8A300C6B80B /* Debug */,
				8A743554194FB8A300C6B80B /* Release */,
			);
			defaultConfigurationIsVisible = 0;
			defaultConfigurationName = Release;
		};
		8A743555194FB8A300C6B80B /* Build configuration list for PBXNativeTarget "Haler" */ = {
			isa = XCConfigurationList;
			buildConfigurations = (
				8A743556194FB8A300C6B80B /* Debug */,
				8A743557194FB8A300C6B80B /* Release */,
			);
			defaultConfigurationIsVisible = 0;
		};
		8A743558194FB8A300C6B80B /* Build configuration list for PBXNativeTarget "HalerTests" */ = {
			isa = XCConfigurationList;
			buildConfigurations = (
				8A743559194FB8A300C6B80B /* Debug */,
				8A74355A194FB8A300C6B80B /* Release */,
			);
			defaultConfigurationIsVisible = 0;
		};
/* End XCConfigurationList section */

/* Begin XCVersionGroup section */
		8A74353C194FB8A300C6B80B /* Haler.xcdatamodeld */ = {
			isa = XCVersionGroup;
			children = (
				8A74353D194FB8A300C6B80B /* Haler.xcdatamodel */,
			);
			currentVersion = 8A74353D194FB8A300C6B80B /* Haler.xcdatamodel */;
			path = Haler.xcdatamodeld;
			sourceTree = "<group>";
			versionGroupType = wrapper.xcdatamodel;
		};
/* End XCVersionGroup section */
	};
	rootObject = 8A74352A194FB8A200C6B80B /* Project object */;
}
